Microsoft Visual Studio Solution File, Format Version 12.00
# Visual Studio Version 17
VisualStudioVersion = 17.0.31512.422
MinimumVisualStudioVersion = 10.0.40219.1
Project("{9A19103F-16F7-4668-BE54-9A1E7A4F7556}") = "Discord", "Discord\Discord.csproj", "{A0E083CF-1C3D-4F3D-A93B-F2F06898A924}"
EndProject
Project("{9A19103F-16F7-4668-BE54-9A1E7A4F7556}") = "Valour", "Valour\Valour.csproj", "{387E5204-D790-45F6-8251-CEE2C3C0107B}"
EndProject
Project("{9A19103F-16F7-4668-BE54-9A1E7A4F7556}") = "Shared", "Shared\Shared.csproj", "{FCB2BF2D-640E-4B72-8461-A372FAE233A2}"
EndProject
Project("{9A19103F-16F7-4668-BE54-9A1E7A4F7556}") = "Website", "Website\Website.csproj", "{24D02D03-89E0-4752-B301-604D1C93CE96}"
EndProject
Project("{9A19103F-16F7-4668-BE54-9A1E7A4F7556}") = "DBRecovery", "DBRecovery\DBRecovery.csproj", "{B6A63F03-8F6F-4A3E-B489-85233AE35873}"
EndProject
Project("{9A19103F-16F7-4668-BE54-9A1E7A4F7556}") = "SpookVooper.Api", "SVAPI\SpookVooper.Api\SpookVooper.Api.csproj", "{123AB5C2-AB4A-4D06-B298-5FD21FB991BF}"
EndProject
Project("{9A19103F-16F7-4668-BE54-9A1E7A4F7556}") = "TransactionLogger", "TransactionLogger\TransactionLogger.csproj", "{B1050D47-A838-481B-8C25-FDE3A31FF968}"
EndProject
Project("{9A19103F-16F7-4668-BE54-9A1E7A4F7556}") = "LoanBroker", "LoanBroker\LoanBroker.csproj", "{C2B89EE9-AE7E-4744-8746-3DE7C8636907}"
EndProject
Project("{9A19103F-16F7-4668-BE54-9A1E7A4F7556}") = "Valour.Api", "ValourGit\Valour\API\Valour.Api.csproj", "{46D8A1B9-FF0D-467F-99CC-7F386FAB23A4}"
EndProject
Project("{9A19103F-16F7-4668-BE54-9A1E7A4F7556}") = "Valour.Shared", "ValourGit\Valour\Shared\Valour.Shared.csproj", "{2949B0AB-5889-4B38-9C10-EC69DB09A010}"
EndProject
Project("{FAE04EC0-301F-11D3-BF4B-00C04F79EFBC}") = "ValourSharp", "ValourSharp\ValourSharp.csproj", "{3F368F32-E3E3-4F92-BBF4-0E5F3E34A6FC}"
EndProject
Global
	GlobalSection(SolutionConfigurationPlatforms) = preSolution
		Debug|Any CPU = Debug|Any CPU
		Release|Any CPU = Release|Any CPU
	EndGlobalSection
	GlobalSection(ProjectConfigurationPlatforms) = postSolution
		{A0E083CF-1C3D-4F3D-A93B-F2F06898A924}.Debug|Any CPU.ActiveCfg = Debug|Any CPU
		{A0E083CF-1C3D-4F3D-A93B-F2F06898A924}.Debug|Any CPU.Build.0 = Debug|Any CPU
		{A0E083CF-1C3D-4F3D-A93B-F2F06898A924}.Release|Any CPU.ActiveCfg = Release|Any CPU
		{A0E083CF-1C3D-4F3D-A93B-F2F06898A924}.Release|Any CPU.Build.0 = Release|Any CPU
		{387E5204-D790-45F6-8251-CEE2C3C0107B}.Debug|Any CPU.ActiveCfg = Debug|Any CPU
		{387E5204-D790-45F6-8251-CEE2C3C0107B}.Debug|Any CPU.Build.0 = Debug|Any CPU
		{387E5204-D790-45F6-8251-CEE2C3C0107B}.Release|Any CPU.ActiveCfg = Release|Any CPU
		{387E5204-D790-45F6-8251-CEE2C3C0107B}.Release|Any CPU.Build.0 = Release|Any CPU
		{FCB2BF2D-640E-4B72-8461-A372FAE233A2}.Debug|Any CPU.ActiveCfg = Debug|Any CPU
		{FCB2BF2D-640E-4B72-8461-A372FAE233A2}.Debug|Any CPU.Build.0 = Debug|Any CPU
		{FCB2BF2D-640E-4B72-8461-A372FAE233A2}.Release|Any CPU.ActiveCfg = Release|Any CPU
		{FCB2BF2D-640E-4B72-8461-A372FAE233A2}.Release|Any CPU.Build.0 = Release|Any CPU
		{24D02D03-89E0-4752-B301-604D1C93CE96}.Debug|Any CPU.ActiveCfg = Debug|Any CPU
		{24D02D03-89E0-4752-B301-604D1C93CE96}.Debug|Any CPU.Build.0 = Debug|Any CPU
		{24D02D03-89E0-4752-B301-604D1C93CE96}.Release|Any CPU.ActiveCfg = Release|Any CPU
		{24D02D03-89E0-4752-B301-604D1C93CE96}.Release|Any CPU.Build.0 = Release|Any CPU
		{B6A63F03-8F6F-4A3E-B489-85233AE35873}.Debug|Any CPU.ActiveCfg = Debug|Any CPU
		{B6A63F03-8F6F-4A3E-B489-85233AE35873}.Debug|Any CPU.Build.0 = Debug|Any CPU
		{B6A63F03-8F6F-4A3E-B489-85233AE35873}.Release|Any CPU.ActiveCfg = Release|Any CPU
		{B6A63F03-8F6F-4A3E-B489-85233AE35873}.Release|Any CPU.Build.0 = Release|Any CPU
		{123AB5C2-AB4A-4D06-B298-5FD21FB991BF}.Debug|Any CPU.ActiveCfg = Debug|Any CPU
		{123AB5C2-AB4A-4D06-B298-5FD21FB991BF}.Debug|Any CPU.Build.0 = Debug|Any CPU
		{123AB5C2-AB4A-4D06-B298-5FD21FB991BF}.Release|Any CPU.ActiveCfg = Release|Any CPU
		{123AB5C2-AB4A-4D06-B298-5FD21FB991BF}.Release|Any CPU.Build.0 = Release|Any CPU
		{B1050D47-A838-481B-8C25-FDE3A31FF968}.Debug|Any CPU.ActiveCfg = Debug|Any CPU
		{B1050D47-A838-481B-8C25-FDE3A31FF968}.Debug|Any CPU.Build.0 = Debug|Any CPU
		{B1050D47-A838-481B-8C25-FDE3A31FF968}.Release|Any CPU.ActiveCfg = Release|Any CPU
		{B1050D47-A838-481B-8C25-FDE3A31FF968}.Release|Any CPU.Build.0 = Release|Any CPU
		{C2B89EE9-AE7E-4744-8746-3DE7C8636907}.Debug|Any CPU.ActiveCfg = Debug|Any CPU
		{C2B89EE9-AE7E-4744-8746-3DE7C8636907}.Debug|Any CPU.Build.0 = Debug|Any CPU
		{C2B89EE9-AE7E-4744-8746-3DE7C8636907}.Release|Any CPU.ActiveCfg = Release|Any CPU
		{C2B89EE9-AE7E-4744-8746-3DE7C8636907}.Release|Any CPU.Build.0 = Release|Any CPU
		{46D8A1B9-FF0D-467F-99CC-7F386FAB23A4}.Debug|Any CPU.ActiveCfg = Debug|Any CPU
		{46D8A1B9-FF0D-467F-99CC-7F386FAB23A4}.Debug|Any CPU.Build.0 = Debug|Any CPU
		{46D8A1B9-FF0D-467F-99CC-7F386FAB23A4}.Release|Any CPU.ActiveCfg = Release|Any CPU
		{46D8A1B9-FF0D-467F-99CC-7F386FAB23A4}.Release|Any CPU.Build.0 = Release|Any CPU
		{2949B0AB-5889-4B38-9C10-EC69DB09A010}.Debug|Any CPU.ActiveCfg = Debug|Any CPU
		{2949B0AB-5889-4B38-9C10-EC69DB09A010}.Debug|Any CPU.Build.0 = Debug|Any CPU
		{2949B0AB-5889-4B38-9C10-EC69DB09A010}.Release|Any CPU.ActiveCfg = Release|Any CPU
		{2949B0AB-5889-4B38-9C10-EC69DB09A010}.Release|Any CPU.Build.0 = Release|Any CPU
		{3F368F32-E3E3-4F92-BBF4-0E5F3E34A6FC}.Debug|Any CPU.ActiveCfg = Debug|Any CPU
		{3F368F32-E3E3-4F92-BBF4-0E5F3E34A6FC}.Debug|Any CPU.Build.0 = Debug|Any CPU
		{3F368F32-E3E3-4F92-BBF4-0E5F3E34A6FC}.Release|Any CPU.ActiveCfg = Release|Any CPU
		{3F368F32-E3E3-4F92-BBF4-0E5F3E34A6FC}.Release|Any CPU.Build.0 = Release|Any CPU
	EndGlobalSection
	GlobalSection(SolutionProperties) = preSolution
		HideSolutionNode = FALSE
	EndGlobalSection
	GlobalSection(ExtensibilityGlobals) = postSolution
		SolutionGuid = {FE5C4425-0A62-434F-A086-06044AE7F2E2}
	EndGlobalSection
EndGlobal
