
Microsoft Visual Studio Solution File, Format Version 12.00
# Visual Studio Version 16
VisualStudioVersion = 16.0.30413.136
MinimumVisualStudioVersion = 10.0.40219.1
Project("{9A19103F-16F7-4668-BE54-9A1E7A4F7556}") = "CocaBot", "CocaBot.csproj", "{1F599C2F-31CA-4E28-BC67-ED06003B675E}"
EndProject
Project("{9A19103F-16F7-4668-BE54-9A1E7A4F7556}") = "SpookVooper.Api", "..\SpookVooper.Api-master\SpookVooper.Api\SpookVooper.Api.csproj", "{69153039-69E2-4358-A81A-1336FCA48FFE}"
EndProject
Global
	GlobalSection(SolutionConfigurationPlatforms) = preSolution
		Debug|Any CPU = Debug|Any CPU
		Release|Any CPU = Release|Any CPU
	EndGlobalSection
	GlobalSection(ProjectConfigurationPlatforms) = postSolution
		{1F599C2F-31CA-4E28-BC67-ED06003B675E}.Debug|Any CPU.ActiveCfg = Debug|Any CPU
		{1F599C2F-31CA-4E28-BC67-ED06003B675E}.Debug|Any CPU.Build.0 = Debug|Any CPU
		{1F599C2F-31CA-4E28-BC67-ED06003B675E}.Release|Any CPU.ActiveCfg = Release|Any CPU
		{1F599C2F-31CA-4E28-BC67-ED06003B675E}.Release|Any CPU.Build.0 = Release|Any CPU
		{69153039-69E2-4358-A81A-1336FCA48FFE}.Debug|Any CPU.ActiveCfg = Debug|Any CPU
		{69153039-69E2-4358-A81A-1336FCA48FFE}.Debug|Any CPU.Build.0 = Debug|Any CPU
		{69153039-69E2-4358-A81A-1336FCA48FFE}.Release|Any CPU.ActiveCfg = Release|Any CPU
		{69153039-69E2-4358-A81A-1336FCA48FFE}.Release|Any CPU.Build.0 = Release|Any CPU
	EndGlobalSection
	GlobalSection(SolutionProperties) = preSolution
		HideSolutionNode = FALSE
	EndGlobalSection
	GlobalSection(ExtensibilityGlobals) = postSolution
		SolutionGuid = {8513FB26-04A0-43F4-8114-CC390FD5218E}
	EndGlobalSection
EndGlobal
